// !$*UTF8*$!
{
	archiveVersion = 1;
	classes = {
	};
	objectVersion = 46;
	objects = {

/* Begin PBXBuildFile section */
		008F07F31AC5B25A0029DE68 /* main.jsbundle in Resources */ = {isa = PBXBuildFile; fileRef = 008F07F21AC5B25A0029DE68 /* main.jsbundle */; };
		00C302E51ABCBA2D00DB3ED1 /* libRCTActionSheet.a in Frameworks */ = {isa = PBXBuildFile; fileRef = 00C302AC1ABCB8CE00DB3ED1 /* libRCTActionSheet.a */; };
		00C302E71ABCBA2D00DB3ED1 /* libRCTGeolocation.a in Frameworks */ = {isa = PBXBuildFile; fileRef = 00C302BA1ABCB90400DB3ED1 /* libRCTGeolocation.a */; };
		00C302E81ABCBA2D00DB3ED1 /* libRCTImage.a in Frameworks */ = {isa = PBXBuildFile; fileRef = 00C302C01ABCB91800DB3ED1 /* libRCTImage.a */; };
		00C302E91ABCBA2D00DB3ED1 /* libRCTNetwork.a in Frameworks */ = {isa = PBXBuildFile; fileRef = 00C302DC1ABCB9D200DB3ED1 /* libRCTNetwork.a */; };
		00C302EA1ABCBA2D00DB3ED1 /* libRCTVibration.a in Frameworks */ = {isa = PBXBuildFile; fileRef = 00C302E41ABCB9EE00DB3ED1 /* libRCTVibration.a */; };
		00E356F31AD99517003FC87E /* AdarshaIosTests.m in Sources */ = {isa = PBXBuildFile; fileRef = 00E356F21AD99517003FC87E /* AdarshaIosTests.m */; };
		133E29F31AD74F7200F7D852 /* libRCTLinking.a in Frameworks */ = {isa = PBXBuildFile; fileRef = 78C398B91ACF4ADC00677621 /* libRCTLinking.a */; };
		139105C61AF99C1200B5F7CC /* libRCTSettings.a in Frameworks */ = {isa = PBXBuildFile; fileRef = 139105C11AF99BAD00B5F7CC /* libRCTSettings.a */; };
		139FDEF61B0652A700C62182 /* libRCTWebSocket.a in Frameworks */ = {isa = PBXBuildFile; fileRef = 139FDEF41B06529B00C62182 /* libRCTWebSocket.a */; };
		13B07FBC1A68108700A75B9A /* AppDelegate.m in Sources */ = {isa = PBXBuildFile; fileRef = 13B07FB01A68108700A75B9A /* AppDelegate.m */; };
		13B07FBD1A68108700A75B9A /* LaunchScreen.xib in Resources */ = {isa = PBXBuildFile; fileRef = 13B07FB11A68108700A75B9A /* LaunchScreen.xib */; };
		13B07FBF1A68108700A75B9A /* Images.xcassets in Resources */ = {isa = PBXBuildFile; fileRef = 13B07FB51A68108700A75B9A /* Images.xcassets */; };
		13B07FC11A68108700A75B9A /* main.m in Sources */ = {isa = PBXBuildFile; fileRef = 13B07FB71A68108700A75B9A /* main.m */; };
		146834051AC3E58100842450 /* libReact.a in Frameworks */ = {isa = PBXBuildFile; fileRef = 146834041AC3E56700842450 /* libReact.a */; };
		832341BD1AAA6AB300B99B32 /* libRCTText.a in Frameworks */ = {isa = PBXBuildFile; fileRef = 832341B51AAA6A8300B99B32 /* libRCTText.a */; };
		9B002A231BA81313006EAADF /* kfs_ios.m in Sources */ = {isa = PBXBuildFile; fileRef = 9B002A201BA81313006EAADF /* kfs_ios.m */; };
		9B002A241BA81313006EAADF /* kfs_rct.m in Sources */ = {isa = PBXBuildFile; fileRef = 9B002A221BA81313006EAADF /* kfs_rct.m */; };
		9B2936861C0D5FF300FBBE5B /* jiangkangyur.kdb in Resources */ = {isa = PBXBuildFile; fileRef = 9B2936851C0D5FF300FBBE5B /* jiangkangyur.kdb */; };
		9B6639651C0F827C003E7A90 /* Icon-60.png in Resources */ = {isa = PBXBuildFile; fileRef = 9B66395C1C0F827C003E7A90 /* Icon-60.png */; };
		9B6639661C0F827C003E7A90 /* Icon-72.png in Resources */ = {isa = PBXBuildFile; fileRef = 9B66395D1C0F827C003E7A90 /* Icon-72.png */; };
		9B6639671C0F827C003E7A90 /* Icon-72@2x.png in Resources */ = {isa = PBXBuildFile; fileRef = 9B66395E1C0F827C003E7A90 /* Icon-72@2x.png */; };
		9B6639681C0F827C003E7A90 /* Icon-Small-50.png in Resources */ = {isa = PBXBuildFile; fileRef = 9B66395F1C0F827C003E7A90 /* Icon-Small-50.png */; };
		9B6639691C0F827C003E7A90 /* Icon-Small-50@2x.png in Resources */ = {isa = PBXBuildFile; fileRef = 9B6639601C0F827C003E7A90 /* Icon-Small-50@2x.png */; };
		9B66396A1C0F827C003E7A90 /* Icon.png in Resources */ = {isa = PBXBuildFile; fileRef = 9B6639611C0F827C003E7A90 /* Icon.png */; };
		9B66396B1C0F827C003E7A90 /* Icon@2x.png in Resources */ = {isa = PBXBuildFile; fileRef = 9B6639621C0F827C003E7A90 /* Icon@2x.png */; };
		9B66396C1C0F827C003E7A90 /* iTunesArtwork.png in Resources */ = {isa = PBXBuildFile; fileRef = 9B6639631C0F827C003E7A90 /* iTunesArtwork.png */; };
		9B66396D1C0F827C003E7A90 /* iTunesArtwork@2x.png in Resources */ = {isa = PBXBuildFile; fileRef = 9B6639641C0F827C003E7A90 /* iTunesArtwork@2x.png */; };
		9B7B3CF41C00F153003DC74C /* icon-font-size-add.png in Resources */ = {isa = PBXBuildFile; fileRef = 9B7B3CEE1C00F153003DC74C /* icon-font-size-add.png */; };
		9B7B3CF51C00F153003DC74C /* icon-font-size-minus.png in Resources */ = {isa = PBXBuildFile; fileRef = 9B7B3CEF1C00F153003DC74C /* icon-font-size-minus.png */; };
		9B7B3CF61C00F153003DC74C /* icon-line-height-add.png in Resources */ = {isa = PBXBuildFile; fileRef = 9B7B3CF01C00F153003DC74C /* icon-line-height-add.png */; };
		9B7B3CF71C00F153003DC74C /* icon-line-height-minus.png in Resources */ = {isa = PBXBuildFile; fileRef = 9B7B3CF11C00F153003DC74C /* icon-line-height-minus.png */; };
		9B7B3CF81C00F153003DC74C /* icon-tibetan-wylie-switch.png in Resources */ = {isa = PBXBuildFile; fileRef = 9B7B3CF21C00F153003DC74C /* icon-tibetan-wylie-switch.png */; };
		9BB108A01BA99C4900087046 /* libReactNativeIcons.a in Frameworks */ = {isa = PBXBuildFile; fileRef = 9BB1089F1BA99C0C00087046 /* libReactNativeIcons.a */; };
		9BB108BF1BA99C8800087046 /* FontAwesome.otf in Resources */ = {isa = PBXBuildFile; fileRef = 9BB108AD1BA99C8800087046 /* FontAwesome.otf */; };
		9BB108C11BA99C8800087046 /* foundation-icons.ttf in Resources */ = {isa = PBXBuildFile; fileRef = 9BB108AF1BA99C8800087046 /* foundation-icons.ttf */; };
		9BB108C21BA99C8800087046 /* ionicons.ttf in Resources */ = {isa = PBXBuildFile; fileRef = 9BB108B01BA99C8800087046 /* ionicons.ttf */; };
		9BB108C31BA99C8800087046 /* Material-Design-Iconic-Font.ttf in Resources */ = {isa = PBXBuildFile; fileRef = 9BB108B11BA99C8800087046 /* Material-Design-Iconic-Font.ttf */; };
		9BB108C41BA99C8800087046 /* zocial-regular-webfont.ttf in Resources */ = {isa = PBXBuildFile; fileRef = 9BB108B21BA99C8800087046 /* zocial-regular-webfont.ttf */; };
/* End PBXBuildFile section */

/* Begin PBXContainerItemProxy section */
		00C302AB1ABCB8CE00DB3ED1 /* PBXContainerItemProxy */ = {
			isa = PBXContainerItemProxy;
			containerPortal = 00C302A71ABCB8CE00DB3ED1 /* RCTActionSheet.xcodeproj */;
			proxyType = 2;
			remoteGlobalIDString = 134814201AA4EA6300B7C361;
			remoteInfo = RCTActionSheet;
		};
		00C302B91ABCB90400DB3ED1 /* PBXContainerItemProxy */ = {
			isa = PBXContainerItemProxy;
			containerPortal = 00C302B51ABCB90400DB3ED1 /* RCTGeolocation.xcodeproj */;
			proxyType = 2;
			remoteGlobalIDString = 134814201AA4EA6300B7C361;
			remoteInfo = RCTGeolocation;
		};
		00C302BF1ABCB91800DB3ED1 /* PBXContainerItemProxy */ = {
			isa = PBXContainerItemProxy;
			containerPortal = 00C302BB1ABCB91800DB3ED1 /* RCTImage.xcodeproj */;
			proxyType = 2;
			remoteGlobalIDString = 58B5115D1A9E6B3D00147676;
			remoteInfo = RCTImage;
		};
		00C302DB1ABCB9D200DB3ED1 /* PBXContainerItemProxy */ = {
			isa = PBXContainerItemProxy;
			containerPortal = 00C302D31ABCB9D200DB3ED1 /* RCTNetwork.xcodeproj */;
			proxyType = 2;
			remoteGlobalIDString = 58B511DB1A9E6C8500147676;
			remoteInfo = RCTNetwork;
		};
		00C302E31ABCB9EE00DB3ED1 /* PBXContainerItemProxy */ = {
			isa = PBXContainerItemProxy;
			containerPortal = 00C302DF1ABCB9EE00DB3ED1 /* RCTVibration.xcodeproj */;
			proxyType = 2;
			remoteGlobalIDString = 832C81801AAF6DEF007FA2F7;
			remoteInfo = RCTVibration;
		};
		00E356F41AD99517003FC87E /* PBXContainerItemProxy */ = {
			isa = PBXContainerItemProxy;
			containerPortal = 83CBB9F71A601CBA00E9B192 /* Project object */;
			proxyType = 1;
			remoteGlobalIDString = 13B07F861A680F5B00A75B9A;
			remoteInfo = AdarshaIos;
		};
		139105C01AF99BAD00B5F7CC /* PBXContainerItemProxy */ = {
			isa = PBXContainerItemProxy;
			containerPortal = 139105B61AF99BAD00B5F7CC /* RCTSettings.xcodeproj */;
			proxyType = 2;
			remoteGlobalIDString = 134814201AA4EA6300B7C361;
			remoteInfo = RCTSettings;
		};
		139FDEF31B06529B00C62182 /* PBXContainerItemProxy */ = {
			isa = PBXContainerItemProxy;
			containerPortal = 139FDEE61B06529A00C62182 /* RCTWebSocket.xcodeproj */;
			proxyType = 2;
			remoteGlobalIDString = 3C86DF461ADF2C930047B81A;
			remoteInfo = RCTWebSocket;
		};
		146834031AC3E56700842450 /* PBXContainerItemProxy */ = {
			isa = PBXContainerItemProxy;
			containerPortal = 146833FF1AC3E56700842450 /* React.xcodeproj */;
			proxyType = 2;
			remoteGlobalIDString = 83CBBA2E1A601D0E00E9B192;
			remoteInfo = React;
		};
		78C398B81ACF4ADC00677621 /* PBXContainerItemProxy */ = {
			isa = PBXContainerItemProxy;
			containerPortal = 78C398B01ACF4ADC00677621 /* RCTLinking.xcodeproj */;
			proxyType = 2;
			remoteGlobalIDString = 134814201AA4EA6300B7C361;
			remoteInfo = RCTLinking;
		};
		832341B41AAA6A8300B99B32 /* PBXContainerItemProxy */ = {
			isa = PBXContainerItemProxy;
			containerPortal = 832341B01AAA6A8300B99B32 /* RCTText.xcodeproj */;
			proxyType = 2;
			remoteGlobalIDString = 58B5119B1A9E6C1200147676;
			remoteInfo = RCTText;
		};
		9BB1089E1BA99C0C00087046 /* PBXContainerItemProxy */ = {
			isa = PBXContainerItemProxy;
			containerPortal = 9BB1089A1BA99C0C00087046 /* ReactNativeIcons.xcodeproj */;
			proxyType = 2;
			remoteGlobalIDString = 2F5A3EB81ACDBF8000439386;
			remoteInfo = ReactNativeIcons;
		};
/* End PBXContainerItemProxy section */

/* Begin PBXFileReference section */
		008F07F21AC5B25A0029DE68 /* main.jsbundle */ = {isa = PBXFileReference; fileEncoding = 4; lastKnownFileType = text; path = main.jsbundle; sourceTree = "<group>"; };
		00C302A71ABCB8CE00DB3ED1 /* RCTActionSheet.xcodeproj */ = {isa = PBXFileReference; lastKnownFileType = "wrapper.pb-project"; name = RCTActionSheet.xcodeproj; path = "../node_modules/react-native/Libraries/ActionSheetIOS/RCTActionSheet.xcodeproj"; sourceTree = "<group>"; };
		00C302B51ABCB90400DB3ED1 /* RCTGeolocation.xcodeproj */ = {isa = PBXFileReference; lastKnownFileType = "wrapper.pb-project"; name = RCTGeolocation.xcodeproj; path = "../node_modules/react-native/Libraries/Geolocation/RCTGeolocation.xcodeproj"; sourceTree = "<group>"; };
		00C302BB1ABCB91800DB3ED1 /* RCTImage.xcodeproj */ = {isa = PBXFileReference; lastKnownFileType = "wrapper.pb-project"; name = RCTImage.xcodeproj; path = "../node_modules/react-native/Libraries/Image/RCTImage.xcodeproj"; sourceTree = "<group>"; };
		00C302D31ABCB9D200DB3ED1 /* RCTNetwork.xcodeproj */ = {isa = PBXFileReference; lastKnownFileType = "wrapper.pb-project"; name = RCTNetwork.xcodeproj; path = "../node_modules/react-native/Libraries/Network/RCTNetwork.xcodeproj"; sourceTree = "<group>"; };
		00C302DF1ABCB9EE00DB3ED1 /* RCTVibration.xcodeproj */ = {isa = PBXFileReference; lastKnownFileType = "wrapper.pb-project"; name = RCTVibration.xcodeproj; path = "../node_modules/react-native/Libraries/Vibration/RCTVibration.xcodeproj"; sourceTree = "<group>"; };
		00E356EE1AD99517003FC87E /* ADARSHA iOS.xctest */ = {isa = PBXFileReference; explicitFileType = wrapper.cfbundle; includeInIndex = 0; path = "ADARSHA iOS.xctest"; sourceTree = BUILT_PRODUCTS_DIR; };
		00E356F11AD99517003FC87E /* Info.plist */ = {isa = PBXFileReference; lastKnownFileType = text.plist.xml; path = Info.plist; sourceTree = "<group>"; };
		00E356F21AD99517003FC87E /* AdarshaIosTests.m */ = {isa = PBXFileReference; lastKnownFileType = sourcecode.c.objc; path = AdarshaIosTests.m; sourceTree = "<group>"; };
		139105B61AF99BAD00B5F7CC /* RCTSettings.xcodeproj */ = {isa = PBXFileReference; lastKnownFileType = "wrapper.pb-project"; name = RCTSettings.xcodeproj; path = "../node_modules/react-native/Libraries/Settings/RCTSettings.xcodeproj"; sourceTree = "<group>"; };
		139FDEE61B06529A00C62182 /* RCTWebSocket.xcodeproj */ = {isa = PBXFileReference; lastKnownFileType = "wrapper.pb-project"; name = RCTWebSocket.xcodeproj; path = "../node_modules/react-native/Libraries/WebSocket/RCTWebSocket.xcodeproj"; sourceTree = "<group>"; };
		13B07F961A680F5B00A75B9A /* ADARSHA iOS.app */ = {isa = PBXFileReference; explicitFileType = wrapper.application; includeInIndex = 0; path = "ADARSHA iOS.app"; sourceTree = BUILT_PRODUCTS_DIR; };
		13B07FAF1A68108700A75B9A /* AppDelegate.h */ = {isa = PBXFileReference; fileEncoding = 4; lastKnownFileType = sourcecode.c.h; name = AppDelegate.h; path = AdarshaIos/AppDelegate.h; sourceTree = "<group>"; };
		13B07FB01A68108700A75B9A /* AppDelegate.m */ = {isa = PBXFileReference; fileEncoding = 4; lastKnownFileType = sourcecode.c.objc; name = AppDelegate.m; path = AdarshaIos/AppDelegate.m; sourceTree = "<group>"; };
		13B07FB21A68108700A75B9A /* Base */ = {isa = PBXFileReference; lastKnownFileType = file.xib; name = Base; path = Base.lproj/LaunchScreen.xib; sourceTree = "<group>"; };
		13B07FB51A68108700A75B9A /* Images.xcassets */ = {isa = PBXFileReference; lastKnownFileType = folder.assetcatalog; name = Images.xcassets; path = AdarshaIos/Images.xcassets; sourceTree = "<group>"; };
		13B07FB61A68108700A75B9A /* Info.plist */ = {isa = PBXFileReference; fileEncoding = 4; lastKnownFileType = text.plist.xml; name = Info.plist; path = AdarshaIos/Info.plist; sourceTree = "<group>"; };
		13B07FB71A68108700A75B9A /* main.m */ = {isa = PBXFileReference; fileEncoding = 4; lastKnownFileType = sourcecode.c.objc; name = main.m; path = AdarshaIos/main.m; sourceTree = "<group>"; };
		146833FF1AC3E56700842450 /* React.xcodeproj */ = {isa = PBXFileReference; lastKnownFileType = "wrapper.pb-project"; name = React.xcodeproj; path = "../node_modules/react-native/React/React.xcodeproj"; sourceTree = "<group>"; };
		78C398B01ACF4ADC00677621 /* RCTLinking.xcodeproj */ = {isa = PBXFileReference; lastKnownFileType = "wrapper.pb-project"; name = RCTLinking.xcodeproj; path = "../node_modules/react-native/Libraries/LinkingIOS/RCTLinking.xcodeproj"; sourceTree = "<group>"; };
		832341B01AAA6A8300B99B32 /* RCTText.xcodeproj */ = {isa = PBXFileReference; lastKnownFileType = "wrapper.pb-project"; name = RCTText.xcodeproj; path = "../node_modules/react-native/Libraries/Text/RCTText.xcodeproj"; sourceTree = "<group>"; };
		9B002A1F1BA81313006EAADF /* kfs_ios.h */ = {isa = PBXFileReference; fileEncoding = 4; lastKnownFileType = sourcecode.c.h; path = kfs_ios.h; sourceTree = "<group>"; };
		9B002A201BA81313006EAADF /* kfs_ios.m */ = {isa = PBXFileReference; fileEncoding = 4; lastKnownFileType = sourcecode.c.objc; path = kfs_ios.m; sourceTree = "<group>"; };
		9B002A211BA81313006EAADF /* kfs_rct.h */ = {isa = PBXFileReference; fileEncoding = 4; lastKnownFileType = sourcecode.c.h; path = kfs_rct.h; sourceTree = "<group>"; };
		9B002A221BA81313006EAADF /* kfs_rct.m */ = {isa = PBXFileReference; fileEncoding = 4; lastKnownFileType = sourcecode.c.objc; path = kfs_rct.m; sourceTree = "<group>"; };
		9B2936851C0D5FF300FBBE5B /* jiangkangyur.kdb */ = {isa = PBXFileReference; lastKnownFileType = file; name = jiangkangyur.kdb; path = ../jiangkangyur.kdb; sourceTree = "<group>"; };
		9B66395C1C0F827C003E7A90 /* Icon-60.png */ = {isa = PBXFileReference; lastKnownFileType = image.png; name = "Icon-60.png"; path = "../assets/images/Icon-60.png"; sourceTree = "<group>"; };
		9B66395D1C0F827C003E7A90 /* Icon-72.png */ = {isa = PBXFileReference; lastKnownFileType = image.png; name = "Icon-72.png"; path = "../assets/images/Icon-72.png"; sourceTree = "<group>"; };
		9B66395E1C0F827C003E7A90 /* Icon-72@2x.png */ = {isa = PBXFileReference; lastKnownFileType = image.png; name = "Icon-72@2x.png"; path = "../assets/images/Icon-72@2x.png"; sourceTree = "<group>"; };
		9B66395F1C0F827C003E7A90 /* Icon-Small-50.png */ = {isa = PBXFileReference; lastKnownFileType = image.png; name = "Icon-Small-50.png"; path = "../assets/images/Icon-Small-50.png"; sourceTree = "<group>"; };
		9B6639601C0F827C003E7A90 /* Icon-Small-50@2x.png */ = {isa = PBXFileReference; lastKnownFileType = image.png; name = "Icon-Small-50@2x.png"; path = "../assets/images/Icon-Small-50@2x.png"; sourceTree = "<group>"; };
		9B6639611C0F827C003E7A90 /* Icon.png */ = {isa = PBXFileReference; lastKnownFileType = image.png; name = Icon.png; path = ../assets/images/Icon.png; sourceTree = "<group>"; };
		9B6639621C0F827C003E7A90 /* Icon@2x.png */ = {isa = PBXFileReference; lastKnownFileType = image.png; name = "Icon@2x.png"; path = "../assets/images/Icon@2x.png"; sourceTree = "<group>"; };
		9B6639631C0F827C003E7A90 /* iTunesArtwork.png */ = {isa = PBXFileReference; lastKnownFileType = image.png; name = iTunesArtwork.png; path = ../assets/images/iTunesArtwork.png; sourceTree = "<group>"; };
		9B6639641C0F827C003E7A90 /* iTunesArtwork@2x.png */ = {isa = PBXFileReference; lastKnownFileType = image.png; name = "iTunesArtwork@2x.png"; path = "../assets/images/iTunesArtwork@2x.png"; sourceTree = "<group>"; };
		9B7B3CEE1C00F153003DC74C /* icon-font-size-add.png */ = {isa = PBXFileReference; lastKnownFileType = image.png; name = "icon-font-size-add.png"; path = "../assets/images/icon-font-size-add.png"; sourceTree = "<group>"; };
		9B7B3CEF1C00F153003DC74C /* icon-font-size-minus.png */ = {isa = PBXFileReference; lastKnownFileType = image.png; name = "icon-font-size-minus.png"; path = "../assets/images/icon-font-size-minus.png"; sourceTree = "<group>"; };
		9B7B3CF01C00F153003DC74C /* icon-line-height-add.png */ = {isa = PBXFileReference; lastKnownFileType = image.png; name = "icon-line-height-add.png"; path = "../assets/images/icon-line-height-add.png"; sourceTree = "<group>"; };
		9B7B3CF11C00F153003DC74C /* icon-line-height-minus.png */ = {isa = PBXFileReference; lastKnownFileType = image.png; name = "icon-line-height-minus.png"; path = "../assets/images/icon-line-height-minus.png"; sourceTree = "<group>"; };
		9B7B3CF21C00F153003DC74C /* icon-tibetan-wylie-switch.png */ = {isa = PBXFileReference; lastKnownFileType = image.png; name = "icon-tibetan-wylie-switch.png"; path = "../assets/images/icon-tibetan-wylie-switch.png"; sourceTree = "<group>"; };
		9B88B5F51BA9986A006B3635 /* FontAwesomeKit */ = {isa = PBXFileReference; lastKnownFileType = folder; name = FontAwesomeKit; path = "../node_modules/react-native-icons/ios/ReactNativeIcons/Libraries/FontAwesomeKit"; sourceTree = "<group>"; };
		9BB1089A1BA99C0C00087046 /* ReactNativeIcons.xcodeproj */ = {isa = PBXFileReference; lastKnownFileType = "wrapper.pb-project"; name = ReactNativeIcons.xcodeproj; path = "../node_modules/react-native-icons/ios/ReactNativeIcons.xcodeproj"; sourceTree = "<group>"; };
		9BB108A11BA99C8800087046 /* FAKFontAwesome.h */ = {isa = PBXFileReference; lastKnownFileType = sourcecode.c.h; name = FAKFontAwesome.h; path = "../node_modules/react-native-icons/ios/ReactNativeIcons/Libraries/FontAwesomeKit/FAKFontAwesome.h"; sourceTree = "<group>"; };
		9BB108A21BA99C8800087046 /* FAKFontAwesome.m */ = {isa = PBXFileReference; lastKnownFileType = sourcecode.c.objc; name = FAKFontAwesome.m; path = "../node_modules/react-native-icons/ios/ReactNativeIcons/Libraries/FontAwesomeKit/FAKFontAwesome.m"; sourceTree = "<group>"; };
		9BB108A31BA99C8800087046 /* FAKFoundationIcons.h */ = {isa = PBXFileReference; lastKnownFileType = sourcecode.c.h; name = FAKFoundationIcons.h; path = "../node_modules/react-native-icons/ios/ReactNativeIcons/Libraries/FontAwesomeKit/FAKFoundationIcons.h"; sourceTree = "<group>"; };
		9BB108A41BA99C8800087046 /* FAKFoundationIcons.m */ = {isa = PBXFileReference; lastKnownFileType = sourcecode.c.objc; name = FAKFoundationIcons.m; path = "../node_modules/react-native-icons/ios/ReactNativeIcons/Libraries/FontAwesomeKit/FAKFoundationIcons.m"; sourceTree = "<group>"; };
		9BB108A51BA99C8800087046 /* FAKIcon.h */ = {isa = PBXFileReference; lastKnownFileType = sourcecode.c.h; name = FAKIcon.h; path = "../node_modules/react-native-icons/ios/ReactNativeIcons/Libraries/FontAwesomeKit/FAKIcon.h"; sourceTree = "<group>"; };
		9BB108A61BA99C8800087046 /* FAKIcon.m */ = {isa = PBXFileReference; lastKnownFileType = sourcecode.c.objc; name = FAKIcon.m; path = "../node_modules/react-native-icons/ios/ReactNativeIcons/Libraries/FontAwesomeKit/FAKIcon.m"; sourceTree = "<group>"; };
		9BB108A71BA99C8800087046 /* FAKIonIcons.h */ = {isa = PBXFileReference; lastKnownFileType = sourcecode.c.h; name = FAKIonIcons.h; path = "../node_modules/react-native-icons/ios/ReactNativeIcons/Libraries/FontAwesomeKit/FAKIonIcons.h"; sourceTree = "<group>"; };
		9BB108A81BA99C8800087046 /* FAKIonIcons.m */ = {isa = PBXFileReference; lastKnownFileType = sourcecode.c.objc; name = FAKIonIcons.m; path = "../node_modules/react-native-icons/ios/ReactNativeIcons/Libraries/FontAwesomeKit/FAKIonIcons.m"; sourceTree = "<group>"; };
		9BB108A91BA99C8800087046 /* FAKMaterial.h */ = {isa = PBXFileReference; lastKnownFileType = sourcecode.c.h; name = FAKMaterial.h; path = "../node_modules/react-native-icons/ios/ReactNativeIcons/Libraries/FontAwesomeKit/FAKMaterial.h"; sourceTree = "<group>"; };
		9BB108AA1BA99C8800087046 /* FAKMaterial.m */ = {isa = PBXFileReference; lastKnownFileType = sourcecode.c.objc; name = FAKMaterial.m; path = "../node_modules/react-native-icons/ios/ReactNativeIcons/Libraries/FontAwesomeKit/FAKMaterial.m"; sourceTree = "<group>"; };
		9BB108AB1BA99C8800087046 /* FAKZocial.h */ = {isa = PBXFileReference; lastKnownFileType = sourcecode.c.h; name = FAKZocial.h; path = "../node_modules/react-native-icons/ios/ReactNativeIcons/Libraries/FontAwesomeKit/FAKZocial.h"; sourceTree = "<group>"; };
		9BB108AC1BA99C8800087046 /* FAKZocial.m */ = {isa = PBXFileReference; lastKnownFileType = sourcecode.c.objc; name = FAKZocial.m; path = "../node_modules/react-native-icons/ios/ReactNativeIcons/Libraries/FontAwesomeKit/FAKZocial.m"; sourceTree = "<group>"; };
		9BB108AD1BA99C8800087046 /* FontAwesome.otf */ = {isa = PBXFileReference; lastKnownFileType = file; name = FontAwesome.otf; path = "../node_modules/react-native-icons/ios/ReactNativeIcons/Libraries/FontAwesomeKit/FontAwesome.otf"; sourceTree = "<group>"; };
		9BB108AE1BA99C8800087046 /* FontAwesomeKit.h */ = {isa = PBXFileReference; lastKnownFileType = sourcecode.c.h; name = FontAwesomeKit.h; path = "../node_modules/react-native-icons/ios/ReactNativeIcons/Libraries/FontAwesomeKit/FontAwesomeKit.h"; sourceTree = "<group>"; };
		9BB108AF1BA99C8800087046 /* foundation-icons.ttf */ = {isa = PBXFileReference; lastKnownFileType = file; name = "foundation-icons.ttf"; path = "../node_modules/react-native-icons/ios/ReactNativeIcons/Libraries/FontAwesomeKit/foundation-icons.ttf"; sourceTree = "<group>"; };
		9BB108B01BA99C8800087046 /* ionicons.ttf */ = {isa = PBXFileReference; lastKnownFileType = file; name = ionicons.ttf; path = "../node_modules/react-native-icons/ios/ReactNativeIcons/Libraries/FontAwesomeKit/ionicons.ttf"; sourceTree = "<group>"; };
		9BB108B11BA99C8800087046 /* Material-Design-Iconic-Font.ttf */ = {isa = PBXFileReference; lastKnownFileType = file; name = "Material-Design-Iconic-Font.ttf"; path = "../node_modules/react-native-icons/ios/ReactNativeIcons/Libraries/FontAwesomeKit/Material-Design-Iconic-Font.ttf"; sourceTree = "<group>"; };
		9BB108B21BA99C8800087046 /* zocial-regular-webfont.ttf */ = {isa = PBXFileReference; lastKnownFileType = file; name = "zocial-regular-webfont.ttf"; path = "../node_modules/react-native-icons/ios/ReactNativeIcons/Libraries/FontAwesomeKit/zocial-regular-webfont.ttf"; sourceTree = "<group>"; };
		9BBB8E101BB0C2A700329584 /* moedict.kdb */ = {isa = PBXFileReference; lastKnownFileType = file; name = moedict.kdb; path = ../moedict.kdb; sourceTree = "<group>"; };
/* End PBXFileReference section */

/* Begin PBXFrameworksBuildPhase section */
		00E356EB1AD99517003FC87E /* Frameworks */ = {
			isa = PBXFrameworksBuildPhase;
			buildActionMask = 2147483647;
			files = (
			);
			runOnlyForDeploymentPostprocessing = 0;
		};
		13B07F8C1A680F5B00A75B9A /* Frameworks */ = {
			isa = PBXFrameworksBuildPhase;
			buildActionMask = 2147483647;
			files = (
				9BB108A01BA99C4900087046 /* libReactNativeIcons.a in Frameworks */,
				146834051AC3E58100842450 /* libReact.a in Frameworks */,
				00C302E51ABCBA2D00DB3ED1 /* libRCTActionSheet.a in Frameworks */,
				00C302E71ABCBA2D00DB3ED1 /* libRCTGeolocation.a in Frameworks */,
				00C302E81ABCBA2D00DB3ED1 /* libRCTImage.a in Frameworks */,
				133E29F31AD74F7200F7D852 /* libRCTLinking.a in Frameworks */,
				00C302E91ABCBA2D00DB3ED1 /* libRCTNetwork.a in Frameworks */,
				139105C61AF99C1200B5F7CC /* libRCTSettings.a in Frameworks */,
				832341BD1AAA6AB300B99B32 /* libRCTText.a in Frameworks */,
				00C302EA1ABCBA2D00DB3ED1 /* libRCTVibration.a in Frameworks */,
				139FDEF61B0652A700C62182 /* libRCTWebSocket.a in Frameworks */,
			);
			runOnlyForDeploymentPostprocessing = 0;
		};
/* End PBXFrameworksBuildPhase section */

/* Begin PBXGroup section */
		00C302A81ABCB8CE00DB3ED1 /* Products */ = {
			isa = PBXGroup;
			children = (
				00C302AC1ABCB8CE00DB3ED1 /* libRCTActionSheet.a */,
			);
			name = Products;
			sourceTree = "<group>";
		};
		00C302B61ABCB90400DB3ED1 /* Products */ = {
			isa = PBXGroup;
			children = (
				00C302BA1ABCB90400DB3ED1 /* libRCTGeolocation.a */,
			);
			name = Products;
			sourceTree = "<group>";
		};
		00C302BC1ABCB91800DB3ED1 /* Products */ = {
			isa = PBXGroup;
			children = (
				00C302C01ABCB91800DB3ED1 /* libRCTImage.a */,
			);
			name = Products;
			sourceTree = "<group>";
		};
		00C302D41ABCB9D200DB3ED1 /* Products */ = {
			isa = PBXGroup;
			children = (
				00C302DC1ABCB9D200DB3ED1 /* libRCTNetwork.a */,
			);
			name = Products;
			sourceTree = "<group>";
		};
		00C302E01ABCB9EE00DB3ED1 /* Products */ = {
			isa = PBXGroup;
			children = (
				00C302E41ABCB9EE00DB3ED1 /* libRCTVibration.a */,
			);
			name = Products;
			sourceTree = "<group>";
		};
		00E356EF1AD99517003FC87E /* AdarshaIosTests */ = {
			isa = PBXGroup;
			children = (
				00E356F21AD99517003FC87E /* AdarshaIosTests.m */,
				00E356F01AD99517003FC87E /* Supporting Files */,
			);
			path = AdarshaIosTests;
			sourceTree = "<group>";
		};
		00E356F01AD99517003FC87E /* Supporting Files */ = {
			isa = PBXGroup;
			children = (
				00E356F11AD99517003FC87E /* Info.plist */,
			);
			name = "Supporting Files";
			sourceTree = "<group>";
		};
		139105B71AF99BAD00B5F7CC /* Products */ = {
			isa = PBXGroup;
			children = (
				139105C11AF99BAD00B5F7CC /* libRCTSettings.a */,
			);
			name = Products;
			sourceTree = "<group>";
		};
		139FDEE71B06529A00C62182 /* Products */ = {
			isa = PBXGroup;
			children = (
				139FDEF41B06529B00C62182 /* libRCTWebSocket.a */,
			);
			name = Products;
			sourceTree = "<group>";
		};
		13B07FAE1A68108700A75B9A /* AdarshaIos */ = {
			isa = PBXGroup;
			children = (
				9B66395C1C0F827C003E7A90 /* Icon-60.png */,
				9B66395D1C0F827C003E7A90 /* Icon-72.png */,
				9B66395E1C0F827C003E7A90 /* Icon-72@2x.png */,
				9B66395F1C0F827C003E7A90 /* Icon-Small-50.png */,
				9B6639601C0F827C003E7A90 /* Icon-Small-50@2x.png */,
				9B6639611C0F827C003E7A90 /* Icon.png */,
				9B6639621C0F827C003E7A90 /* Icon@2x.png */,
				9B6639631C0F827C003E7A90 /* iTunesArtwork.png */,
				9B6639641C0F827C003E7A90 /* iTunesArtwork@2x.png */,
				9B2936851C0D5FF300FBBE5B /* jiangkangyur.kdb */,
				9BBB8E101BB0C2A700329584 /* moedict.kdb */,
				9B002A1F1BA81313006EAADF /* kfs_ios.h */,
				9B002A201BA81313006EAADF /* kfs_ios.m */,
				9B002A211BA81313006EAADF /* kfs_rct.h */,
				9B002A221BA81313006EAADF /* kfs_rct.m */,
				008F07F21AC5B25A0029DE68 /* main.jsbundle */,
				13B07FAF1A68108700A75B9A /* AppDelegate.h */,
				13B07FB01A68108700A75B9A /* AppDelegate.m */,
				13B07FB51A68108700A75B9A /* Images.xcassets */,
				9B7B3CEE1C00F153003DC74C /* icon-font-size-add.png */,
				9B7B3CEF1C00F153003DC74C /* icon-font-size-minus.png */,
				9B7B3CF01C00F153003DC74C /* icon-line-height-add.png */,
				9B7B3CF11C00F153003DC74C /* icon-line-height-minus.png */,
				9B7B3CF21C00F153003DC74C /* icon-tibetan-wylie-switch.png */,
				13B07FB61A68108700A75B9A /* Info.plist */,
				13B07FB11A68108700A75B9A /* LaunchScreen.xib */,
				13B07FB71A68108700A75B9A /* main.m */,
			);
			name = AdarshaIos;
			sourceTree = "<group>";
		};
		146834001AC3E56700842450 /* Products */ = {
			isa = PBXGroup;
			children = (
				146834041AC3E56700842450 /* libReact.a */,
			);
			name = Products;
			sourceTree = "<group>";
		};
		78C398B11ACF4ADC00677621 /* Products */ = {
			isa = PBXGroup;
			children = (
				78C398B91ACF4ADC00677621 /* libRCTLinking.a */,
			);
			name = Products;
			sourceTree = "<group>";
		};
		832341AE1AAA6A7D00B99B32 /* Libraries */ = {
			isa = PBXGroup;
			children = (
				9BB1089A1BA99C0C00087046 /* ReactNativeIcons.xcodeproj */,
				146833FF1AC3E56700842450 /* React.xcodeproj */,
				00C302A71ABCB8CE00DB3ED1 /* RCTActionSheet.xcodeproj */,
				00C302B51ABCB90400DB3ED1 /* RCTGeolocation.xcodeproj */,
				00C302BB1ABCB91800DB3ED1 /* RCTImage.xcodeproj */,
				78C398B01ACF4ADC00677621 /* RCTLinking.xcodeproj */,
				00C302D31ABCB9D200DB3ED1 /* RCTNetwork.xcodeproj */,
				139105B61AF99BAD00B5F7CC /* RCTSettings.xcodeproj */,
				832341B01AAA6A8300B99B32 /* RCTText.xcodeproj */,
				00C302DF1ABCB9EE00DB3ED1 /* RCTVibration.xcodeproj */,
				139FDEE61B06529A00C62182 /* RCTWebSocket.xcodeproj */,
			);
			name = Libraries;
			sourceTree = "<group>";
		};
		832341B11AAA6A8300B99B32 /* Products */ = {
			isa = PBXGroup;
			children = (
				832341B51AAA6A8300B99B32 /* libRCTText.a */,
			);
			name = Products;
			sourceTree = "<group>";
		};
		83CBB9F61A601CBA00E9B192 = {
			isa = PBXGroup;
			children = (
				9BB108A11BA99C8800087046 /* FAKFontAwesome.h */,
				9BB108A21BA99C8800087046 /* FAKFontAwesome.m */,
				9BB108A31BA99C8800087046 /* FAKFoundationIcons.h */,
				9BB108A41BA99C8800087046 /* FAKFoundationIcons.m */,
				9BB108A51BA99C8800087046 /* FAKIcon.h */,
				9BB108A61BA99C8800087046 /* FAKIcon.m */,
				9BB108A71BA99C8800087046 /* FAKIonIcons.h */,
				9BB108A81BA99C8800087046 /* FAKIonIcons.m */,
				9BB108A91BA99C8800087046 /* FAKMaterial.h */,
				9BB108AA1BA99C8800087046 /* FAKMaterial.m */,
				9BB108AB1BA99C8800087046 /* FAKZocial.h */,
				9BB108AC1BA99C8800087046 /* FAKZocial.m */,
				9BB108AD1BA99C8800087046 /* FontAwesome.otf */,
				9BB108AE1BA99C8800087046 /* FontAwesomeKit.h */,
				9BB108AF1BA99C8800087046 /* foundation-icons.ttf */,
				9BB108B01BA99C8800087046 /* ionicons.ttf */,
				9BB108B11BA99C8800087046 /* Material-Design-Iconic-Font.ttf */,
				9BB108B21BA99C8800087046 /* zocial-regular-webfont.ttf */,
				9B88B5F51BA9986A006B3635 /* FontAwesomeKit */,
				13B07FAE1A68108700A75B9A /* AdarshaIos */,
				832341AE1AAA6A7D00B99B32 /* Libraries */,
				00E356EF1AD99517003FC87E /* AdarshaIosTests */,
				83CBBA001A601CBA00E9B192 /* Products */,
			);
			indentWidth = 2;
			sourceTree = "<group>";
			tabWidth = 2;
		};
		83CBBA001A601CBA00E9B192 /* Products */ = {
			isa = PBXGroup;
			children = (
				13B07F961A680F5B00A75B9A /* ADARSHA iOS.app */,
				00E356EE1AD99517003FC87E /* ADARSHA iOS.xctest */,
			);
			name = Products;
			sourceTree = "<group>";
		};
		9BB1089B1BA99C0C00087046 /* Products */ = {
			isa = PBXGroup;
			children = (
				9BB1089F1BA99C0C00087046 /* libReactNativeIcons.a */,
			);
			name = Products;
			sourceTree = "<group>";
		};
/* End PBXGroup section */

/* Begin PBXNativeTarget section */
		00E356ED1AD99517003FC87E /* ADARSHA iOSTests */ = {
			isa = PBXNativeTarget;
			buildConfigurationList = 00E357021AD99517003FC87E /* Build configuration list for PBXNativeTarget "ADARSHA iOSTests" */;
			buildPhases = (
				00E356EA1AD99517003FC87E /* Sources */,
				00E356EB1AD99517003FC87E /* Frameworks */,
				00E356EC1AD99517003FC87E /* Resources */,
			);
			buildRules = (
			);
			dependencies = (
				00E356F51AD99517003FC87E /* PBXTargetDependency */,
			);
			name = "ADARSHA iOSTests";
			productName = AdarshaIosTests;
			productReference = 00E356EE1AD99517003FC87E /* ADARSHA iOS.xctest */;
			productType = "com.apple.product-type.bundle.unit-test";
		};
		13B07F861A680F5B00A75B9A /* ADARSHA iOS */ = {
			isa = PBXNativeTarget;
			buildConfigurationList = 13B07F931A680F5B00A75B9A /* Build configuration list for PBXNativeTarget "ADARSHA iOS" */;
			buildPhases = (
				13B07F871A680F5B00A75B9A /* Sources */,
				13B07F8C1A680F5B00A75B9A /* Frameworks */,
				13B07F8E1A680F5B00A75B9A /* Resources */,
			);
			buildRules = (
			);
			dependencies = (
			);
			name = "ADARSHA iOS";
			productName = "Hello World";
			productReference = 13B07F961A680F5B00A75B9A /* ADARSHA iOS.app */;
			productType = "com.apple.product-type.application";
		};
/* End PBXNativeTarget section */

/* Begin PBXProject section */
		83CBB9F71A601CBA00E9B192 /* Project object */ = {
			isa = PBXProject;
			attributes = {
				LastUpgradeCheck = 0610;
				ORGANIZATIONNAME = Facebook;
				TargetAttributes = {
					00E356ED1AD99517003FC87E = {
						CreatedOnToolsVersion = 6.2;
						TestTargetID = 13B07F861A680F5B00A75B9A;
					};
					13B07F861A680F5B00A75B9A = {
						DevelopmentTeam = S85G2288V4;
					};
				};
			};
			buildConfigurationList = 83CBB9FA1A601CBA00E9B192 /* Build configuration list for PBXProject "ADARSHA iOS" */;
			compatibilityVersion = "Xcode 3.2";
			developmentRegion = English;
			hasScannedForEncodings = 0;
			knownRegions = (
				en,
				Base,
			);
			mainGroup = 83CBB9F61A601CBA00E9B192;
			productRefGroup = 83CBBA001A601CBA00E9B192 /* Products */;
			projectDirPath = "";
			projectReferences = (
				{
					ProductGroup = 00C302A81ABCB8CE00DB3ED1 /* Products */;
					ProjectRef = 00C302A71ABCB8CE00DB3ED1 /* RCTActionSheet.xcodeproj */;
				},
				{
					ProductGroup = 00C302B61ABCB90400DB3ED1 /* Products */;
					ProjectRef = 00C302B51ABCB90400DB3ED1 /* RCTGeolocation.xcodeproj */;
				},
				{
					ProductGroup = 00C302BC1ABCB91800DB3ED1 /* Products */;
					ProjectRef = 00C302BB1ABCB91800DB3ED1 /* RCTImage.xcodeproj */;
				},
				{
					ProductGroup = 78C398B11ACF4ADC00677621 /* Products */;
					ProjectRef = 78C398B01ACF4ADC00677621 /* RCTLinking.xcodeproj */;
				},
				{
					ProductGroup = 00C302D41ABCB9D200DB3ED1 /* Products */;
					ProjectRef = 00C302D31ABCB9D200DB3ED1 /* RCTNetwork.xcodeproj */;
				},
				{
					ProductGroup = 139105B71AF99BAD00B5F7CC /* Products */;
					ProjectRef = 139105B61AF99BAD00B5F7CC /* RCTSettings.xcodeproj */;
				},
				{
					ProductGroup = 832341B11AAA6A8300B99B32 /* Products */;
					ProjectRef = 832341B01AAA6A8300B99B32 /* RCTText.xcodeproj */;
				},
				{
					ProductGroup = 00C302E01ABCB9EE00DB3ED1 /* Products */;
					ProjectRef = 00C302DF1ABCB9EE00DB3ED1 /* RCTVibration.xcodeproj */;
				},
				{
					ProductGroup = 139FDEE71B06529A00C62182 /* Products */;
					ProjectRef = 139FDEE61B06529A00C62182 /* RCTWebSocket.xcodeproj */;
				},
				{
					ProductGroup = 146834001AC3E56700842450 /* Products */;
					ProjectRef = 146833FF1AC3E56700842450 /* React.xcodeproj */;
				},
				{
					ProductGroup = 9BB1089B1BA99C0C00087046 /* Products */;
					ProjectRef = 9BB1089A1BA99C0C00087046 /* ReactNativeIcons.xcodeproj */;
				},
			);
			projectRoot = "";
			targets = (
				13B07F861A680F5B00A75B9A /* ADARSHA iOS */,
				00E356ED1AD99517003FC87E /* ADARSHA iOSTests */,
			);
		};
/* End PBXProject section */

/* Begin PBXReferenceProxy section */
		00C302AC1ABCB8CE00DB3ED1 /* libRCTActionSheet.a */ = {
			isa = PBXReferenceProxy;
			fileType = archive.ar;
			path = libRCTActionSheet.a;
			remoteRef = 00C302AB1ABCB8CE00DB3ED1 /* PBXContainerItemProxy */;
			sourceTree = BUILT_PRODUCTS_DIR;
		};
		00C302BA1ABCB90400DB3ED1 /* libRCTGeolocation.a */ = {
			isa = PBXReferenceProxy;
			fileType = archive.ar;
			path = libRCTGeolocation.a;
			remoteRef = 00C302B91ABCB90400DB3ED1 /* PBXContainerItemProxy */;
			sourceTree = BUILT_PRODUCTS_DIR;
		};
		00C302C01ABCB91800DB3ED1 /* libRCTImage.a */ = {
			isa = PBXReferenceProxy;
			fileType = archive.ar;
			path = libRCTImage.a;
			remoteRef = 00C302BF1ABCB91800DB3ED1 /* PBXContainerItemProxy */;
			sourceTree = BUILT_PRODUCTS_DIR;
		};
		00C302DC1ABCB9D200DB3ED1 /* libRCTNetwork.a */ = {
			isa = PBXReferenceProxy;
			fileType = archive.ar;
			path = libRCTNetwork.a;
			remoteRef = 00C302DB1ABCB9D200DB3ED1 /* PBXContainerItemProxy */;
			sourceTree = BUILT_PRODUCTS_DIR;
		};
		00C302E41ABCB9EE00DB3ED1 /* libRCTVibration.a */ = {
			isa = PBXReferenceProxy;
			fileType = archive.ar;
			path = libRCTVibration.a;
			remoteRef = 00C302E31ABCB9EE00DB3ED1 /* PBXContainerItemProxy */;
			sourceTree = BUILT_PRODUCTS_DIR;
		};
		139105C11AF99BAD00B5F7CC /* libRCTSettings.a */ = {
			isa = PBXReferenceProxy;
			fileType = archive.ar;
			path = libRCTSettings.a;
			remoteRef = 139105C01AF99BAD00B5F7CC /* PBXContainerItemProxy */;
			sourceTree = BUILT_PRODUCTS_DIR;
		};
		139FDEF41B06529B00C62182 /* libRCTWebSocket.a */ = {
			isa = PBXReferenceProxy;
			fileType = archive.ar;
			path = libRCTWebSocket.a;
			remoteRef = 139FDEF31B06529B00C62182 /* PBXContainerItemProxy */;
			sourceTree = BUILT_PRODUCTS_DIR;
		};
		146834041AC3E56700842450 /* libReact.a */ = {
			isa = PBXReferenceProxy;
			fileType = archive.ar;
			path = libReact.a;
			remoteRef = 146834031AC3E56700842450 /* PBXContainerItemProxy */;
			sourceTree = BUILT_PRODUCTS_DIR;
		};
		78C398B91ACF4ADC00677621 /* libRCTLinking.a */ = {
			isa = PBXReferenceProxy;
			fileType = archive.ar;
			path = libRCTLinking.a;
			remoteRef = 78C398B81ACF4ADC00677621 /* PBXContainerItemProxy */;
			sourceTree = BUILT_PRODUCTS_DIR;
		};
		832341B51AAA6A8300B99B32 /* libRCTText.a */ = {
			isa = PBXReferenceProxy;
			fileType = archive.ar;
			path = libRCTText.a;
			remoteRef = 832341B41AAA6A8300B99B32 /* PBXContainerItemProxy */;
			sourceTree = BUILT_PRODUCTS_DIR;
		};
		9BB1089F1BA99C0C00087046 /* libReactNativeIcons.a */ = {
			isa = PBXReferenceProxy;
			fileType = archive.ar;
			path = libReactNativeIcons.a;
			remoteRef = 9BB1089E1BA99C0C00087046 /* PBXContainerItemProxy */;
			sourceTree = BUILT_PRODUCTS_DIR;
		};
/* End PBXReferenceProxy section */

/* Begin PBXResourcesBuildPhase section */
		00E356EC1AD99517003FC87E /* Resources */ = {
			isa = PBXResourcesBuildPhase;
			buildActionMask = 2147483647;
			files = (
			);
			runOnlyForDeploymentPostprocessing = 0;
		};
		13B07F8E1A680F5B00A75B9A /* Resources */ = {
			isa = PBXResourcesBuildPhase;
			buildActionMask = 2147483647;
			files = (
				9B6639671C0F827C003E7A90 /* Icon-72@2x.png in Resources */,
				9B66396C1C0F827C003E7A90 /* iTunesArtwork.png in Resources */,
				9B7B3CF81C00F153003DC74C /* icon-tibetan-wylie-switch.png in Resources */,
				9B7B3CF51C00F153003DC74C /* icon-font-size-minus.png in Resources */,
				9B7B3CF71C00F153003DC74C /* icon-line-height-minus.png in Resources */,
				9B66396B1C0F827C003E7A90 /* Icon@2x.png in Resources */,
				9B7B3CF41C00F153003DC74C /* icon-font-size-add.png in Resources */,
				9B6639661C0F827C003E7A90 /* Icon-72.png in Resources */,
				9B6639691C0F827C003E7A90 /* Icon-Small-50@2x.png in Resources */,
				9BB108BF1BA99C8800087046 /* FontAwesome.otf in Resources */,
				9BB108C11BA99C8800087046 /* foundation-icons.ttf in Resources */,
				9B7B3CF61C00F153003DC74C /* icon-line-height-add.png in Resources */,
				9B2936861C0D5FF300FBBE5B /* jiangkangyur.kdb in Resources */,
				9BB108C21BA99C8800087046 /* ionicons.ttf in Resources */,
				9BB108C31BA99C8800087046 /* Material-Design-Iconic-Font.ttf in Resources */,
				9BB108C41BA99C8800087046 /* zocial-regular-webfont.ttf in Resources */,
				008F07F31AC5B25A0029DE68 /* main.jsbundle in Resources */,
				13B07FBF1A68108700A75B9A /* Images.xcassets in Resources */,
				9B66396D1C0F827C003E7A90 /* iTunesArtwork@2x.png in Resources */,
				9B6639681C0F827C003E7A90 /* Icon-Small-50.png in Resources */,
				9B66396A1C0F827C003E7A90 /* Icon.png in Resources */,
				9B6639651C0F827C003E7A90 /* Icon-60.png in Resources */,
				13B07FBD1A68108700A75B9A /* LaunchScreen.xib in Resources */,
			);
			runOnlyForDeploymentPostprocessing = 0;
		};
/* End PBXResourcesBuildPhase section */

/* Begin PBXSourcesBuildPhase section */
		00E356EA1AD99517003FC87E /* Sources */ = {
			isa = PBXSourcesBuildPhase;
			buildActionMask = 2147483647;
			files = (
				00E356F31AD99517003FC87E /* AdarshaIosTests.m in Sources */,
			);
			runOnlyForDeploymentPostprocessing = 0;
		};
		13B07F871A680F5B00A75B9A /* Sources */ = {
			isa = PBXSourcesBuildPhase;
			buildActionMask = 2147483647;
			files = (
				9B002A241BA81313006EAADF /* kfs_rct.m in Sources */,
				13B07FBC1A68108700A75B9A /* AppDelegate.m in Sources */,
				9B002A231BA81313006EAADF /* kfs_ios.m in Sources */,
				13B07FC11A68108700A75B9A /* main.m in Sources */,
			);
			runOnlyForDeploymentPostprocessing = 0;
		};
/* End PBXSourcesBuildPhase section */

/* Begin PBXTargetDependency section */
		00E356F51AD99517003FC87E /* PBXTargetDependency */ = {
			isa = PBXTargetDependency;
			target = 13B07F861A680F5B00A75B9A /* ADARSHA iOS */;
			targetProxy = 00E356F41AD99517003FC87E /* PBXContainerItemProxy */;
		};
/* End PBXTargetDependency section */

/* Begin PBXVariantGroup section */
		13B07FB11A68108700A75B9A /* LaunchScreen.xib */ = {
			isa = PBXVariantGroup;
			children = (
				13B07FB21A68108700A75B9A /* Base */,
			);
			name = LaunchScreen.xib;
			path = AdarshaIos;
			sourceTree = "<group>";
		};
/* End PBXVariantGroup section */

/* Begin XCBuildConfiguration section */
		00E356F61AD99517003FC87E /* Debug */ = {
			isa = XCBuildConfiguration;
			buildSettings = {
				BUNDLE_LOADER = "$(TEST_HOST)";
				FRAMEWORK_SEARCH_PATHS = (
					"$(SDKROOT)/Developer/Library/Frameworks",
					"$(inherited)",
				);
				GCC_PREPROCESSOR_DEFINITIONS = (
					"DEBUG=1",
					"$(inherited)",
				);
				INFOPLIST_FILE = AdarshaIosTests/Info.plist;
				IPHONEOS_DEPLOYMENT_TARGET = 8.2;
				LD_RUNPATH_SEARCH_PATHS = "$(inherited) @executable_path/Frameworks @loader_path/Frameworks";
				PRODUCT_NAME = "ADARSHA iOS";
				TEST_HOST = "$(BUILT_PRODUCTS_DIR)/ADARSHA iOS.app/ADARSHA iOS";
			};
			name = Debug;
		};
		00E356F71AD99517003FC87E /* Release */ = {
			isa = XCBuildConfiguration;
			buildSettings = {
				BUNDLE_LOADER = "$(TEST_HOST)";
				COPY_PHASE_STRIP = NO;
				FRAMEWORK_SEARCH_PATHS = (
					"$(SDKROOT)/Developer/Library/Frameworks",
					"$(inherited)",
				);
				INFOPLIST_FILE = AdarshaIosTests/Info.plist;
				IPHONEOS_DEPLOYMENT_TARGET = 8.2;
				LD_RUNPATH_SEARCH_PATHS = "$(inherited) @executable_path/Frameworks @loader_path/Frameworks";
				PRODUCT_NAME = "ADARSHA iOS";
				TEST_HOST = "$(BUILT_PRODUCTS_DIR)/ADARSHA iOS.app/ADARSHA iOS";
			};
			name = Release;
		};
		13B07F941A680F5B00A75B9A /* Debug */ = {
			isa = XCBuildConfiguration;
			buildSettings = {
				ASSETCATALOG_COMPILER_APPICON_NAME = AppIcon;
				CODE_SIGN_IDENTITY = "iPhone Developer";
				DEAD_CODE_STRIPPING = NO;
				HEADER_SEARCH_PATHS = (
					"$(inherited)",
					/Applications/Xcode.app/Contents/Developer/Toolchains/XcodeDefault.xctoolchain/usr/include,
					"$(SRCROOT)/../node_modules/react-native/React/**",
				);
				INFOPLIST_FILE = AdarshaIos/Info.plist;
				IPHONEOS_DEPLOYMENT_TARGET = 9.1;
				LD_RUNPATH_SEARCH_PATHS = "$(inherited) @executable_path/Frameworks";
				OTHER_LDFLAGS = "-ObjC";
				PRODUCT_BUNDLE_IDENTIFIER = org.karmapa.AdarshaIos;
				PRODUCT_NAME = "ADARSHA iOS";
				TARGETED_DEVICE_FAMILY = "1,2";
			};
			name = Debug;
		};
		13B07F951A680F5B00A75B9A /* Release */ = {
			isa = XCBuildConfiguration;
			buildSettings = {
				ASSETCATALOG_COMPILER_APPICON_NAME = AppIcon;
				CODE_SIGN_IDENTITY = "iPhone Developer";
				DEAD_CODE_STRIPPING = NO;
				HEADER_SEARCH_PATHS = (
					"$(inherited)",
					/Applications/Xcode.app/Contents/Developer/Toolchains/XcodeDefault.xctoolchain/usr/include,
					"$(SRCROOT)/../node_modules/react-native/React/**",
				);
				INFOPLIST_FILE = AdarshaIos/Info.plist;
				IPHONEOS_DEPLOYMENT_TARGET = 9.1;
				LD_RUNPATH_SEARCH_PATHS = "$(inherited) @executable_path/Frameworks";
				OTHER_LDFLAGS = "-ObjC";
				PRODUCT_BUNDLE_IDENTIFIER = org.karmapa.AdarshaIos;
				PRODUCT_NAME = "ADARSHA iOS";
				TARGETED_DEVICE_FAMILY = "1,2";
			};
			name = Release;
		};
		83CBBA201A601CBA00E9B192 /* Debug */ = {
			isa = XCBuildConfiguration;
			buildSettings = {
				ALWAYS_SEARCH_USER_PATHS = NO;
				CLANG_CXX_LANGUAGE_STANDARD = "gnu++0x";
				CLANG_CXX_LIBRARY = "libc++";
				CLANG_ENABLE_MODULES = YES;
				CLANG_ENABLE_OBJC_ARC = YES;
				CLANG_WARN_BOOL_CONVERSION = YES;
				CLANG_WARN_CONSTANT_CONVERSION = YES;
				CLANG_WARN_DIRECT_OBJC_ISA_USAGE = YES_ERROR;
				CLANG_WARN_EMPTY_BODY = YES;
				CLANG_WARN_ENUM_CONVERSION = YES;
				CLANG_WARN_INT_CONVERSION = YES;
				CLANG_WARN_OBJC_ROOT_CLASS = YES_ERROR;
				CLANG_WARN_UNREACHABLE_CODE = YES;
				CLANG_WARN__DUPLICATE_METHOD_MATCH = YES;
				"CODE_SIGN_IDENTITY[sdk=iphoneos*]" = "iPhone Developer";
				COPY_PHASE_STRIP = NO;
				ENABLE_STRICT_OBJC_MSGSEND = YES;
				GCC_C_LANGUAGE_STANDARD = gnu99;
				GCC_DYNAMIC_NO_PIC = NO;
				GCC_OPTIMIZATION_LEVEL = 0;
				GCC_PREPROCESSOR_DEFINITIONS = (
					"DEBUG=1",
					"$(inherited)",
				);
				GCC_SYMBOLS_PRIVATE_EXTERN = NO;
				GCC_WARN_64_TO_32_BIT_CONVERSION = YES;
				GCC_WARN_ABOUT_RETURN_TYPE = YES_ERROR;
				GCC_WARN_UNDECLARED_SELECTOR = YES;
				GCC_WARN_UNINITIALIZED_AUTOS = YES_AGGRESSIVE;
				GCC_WARN_UNUSED_FUNCTION = YES;
				GCC_WARN_UNUSED_VARIABLE = YES;
				HEADER_SEARCH_PATHS = (
					"$(inherited)",
					/Applications/Xcode.app/Contents/Developer/Toolchains/XcodeDefault.xctoolchain/usr/include,
					"$(SRCROOT)/../node_modules/react-native/React/**",
				);
				IPHONEOS_DEPLOYMENT_TARGET = 7.0;
				MTL_ENABLE_DEBUG_INFO = YES;
				ONLY_ACTIVE_ARCH = YES;
				SDKROOT = iphoneos;
			};
			name = Debug;
		};
		83CBBA211A601CBA00E9B192 /* Release */ = {
			isa = XCBuildConfiguration;
			buildSettings = {
				ALWAYS_SEARCH_USER_PATHS = NO;
				CLANG_CXX_LANGUAGE_STANDARD = "gnu++0x";
				CLANG_CXX_LIBRARY = "libc++";
				CLANG_ENABLE_MODULES = YES;
				CLANG_ENABLE_OBJC_ARC = YES;
				CLANG_WARN_BOOL_CONVERSION = YES;
				CLANG_WARN_CONSTANT_CONVERSION = YES;
				CLANG_WARN_DIRECT_OBJC_ISA_USAGE = YES_ERROR;
				CLANG_WARN_EMPTY_BODY = YES;
				CLANG_WARN_ENUM_CONVERSION = YES;
				CLANG_WARN_INT_CONVERSION = YES;
				CLANG_WARN_OBJC_ROOT_CLASS = YES_ERROR;
				CLANG_WARN_UNREACHABLE_CODE = YES;
				CLANG_WARN__DUPLICATE_METHOD_MATCH = YES;
				"CODE_SIGN_IDENTITY[sdk=iphoneos*]" = "iPhone Developer";
				COPY_PHASE_STRIP = YES;
				ENABLE_NS_ASSERTIONS = NO;
				ENABLE_STRICT_OBJC_MSGSEND = YES;
				GCC_C_LANGUAGE_STANDARD = gnu99;
				GCC_WARN_64_TO_32_BIT_CONVERSION = YES;
				GCC_WARN_ABOUT_RETURN_TYPE = YES_ERROR;
				GCC_WARN_UNDECLARED_SELECTOR = YES;
				GCC_WARN_UNINITIALIZED_AUTOS = YES_AGGRESSIVE;
				GCC_WARN_UNUSED_FUNCTION = YES;
				GCC_WARN_UNUSED_VARIABLE = YES;
				HEADER_SEARCH_PATHS = (
					"$(inherited)",
					/Applications/Xcode.app/Contents/Developer/Toolchains/XcodeDefault.xctoolchain/usr/include,
					"$(SRCROOT)/../node_modules/react-native/React/**",
				);
				IPHONEOS_DEPLOYMENT_TARGET = 7.0;
				MTL_ENABLE_DEBUG_INFO = NO;
				SDKROOT = iphoneos;
				VALIDATE_PRODUCT = YES;
			};
			name = Release;
		};
/* End XCBuildConfiguration section */

/* Begin XCConfigurationList section */
		00E357021AD99517003FC87E /* Build configuration list for PBXNativeTarget "ADARSHA iOSTests" */ = {
			isa = XCConfigurationList;
			buildConfigurations = (
				00E356F61AD99517003FC87E /* Debug */,
				00E356F71AD99517003FC87E /* Release */,
			);
			defaultConfigurationIsVisible = 0;
			defaultConfigurationName = Release;
		};
		13B07F931A680F5B00A75B9A /* Build configuration list for PBXNativeTarget "ADARSHA iOS" */ = {
			isa = XCConfigurationList;
			buildConfigurations = (
				13B07F941A680F5B00A75B9A /* Debug */,
				13B07F951A680F5B00A75B9A /* Release */,
			);
			defaultConfigurationIsVisible = 0;
			defaultConfigurationName = Release;
		};
		83CBB9FA1A601CBA00E9B192 /* Build configuration list for PBXProject "ADARSHA iOS" */ = {
			isa = XCConfigurationList;
			buildConfigurations = (
				83CBBA201A601CBA00E9B192 /* Debug */,
				83CBBA211A601CBA00E9B192 /* Release */,
			);
			defaultConfigurationIsVisible = 0;
			defaultConfigurationName = Release;
		};
/* End XCConfigurationList section */
	};
	rootObject = 83CBB9F71A601CBA00E9B192 /* Project object */;
}
